<Solution>
  <Folder Name="/Solution Items/">
    <File Path="compose.yaml" />
  </Folder>
  <Project Path="Api/Api.csproj" />
  <Project Path="Domain/Domain.csproj" />
  <Project Path="DTO/DTO.csproj" />
  <Project Path="Infrastructure/Infrastructure.csproj" />
  <Project Path="Services/Services.csproj" />
</Solution>
